
Microsoft Visual Studio Solution File, Format Version 12.00
# Visual Studio Version 16
VisualStudioVersion = 16.0.29306.81
MinimumVisualStudioVersion = 10.0.40219.1
Project("{FAE04EC0-301F-11D3-BF4B-00C04F79EFBC}") = "OpenWeather", "OpenWeather\OpenWeather.csproj", "{7F8C3B19-81E9-4349-9F10-E3315BF19EAE}"
EndProject
Global
	GlobalSection(SolutionConfigurationPlatforms) = preSolution
		Debug|Any CPU = Debug|Any CPU
		Release|Any CPU = Release|Any CPU
	EndGlobalSection
	GlobalSection(ProjectConfigurationPlatforms) = postSolution
		{7F8C3B19-81E9-4349-9F10-E3315BF19EAE}.Debug|Any CPU.ActiveCfg = Debug|Any CPU
		{7F8C3B19-81E9-4349-9F10-E3315BF19EAE}.Debug|Any CPU.Build.0 = Debug|Any CPU
		{7F8C3B19-81E9-4349-9F10-E3315BF19EAE}.Release|Any CPU.ActiveCfg = Release|Any CPU
		{7F8C3B19-81E9-4349-9F10-E3315BF19EAE}.Release|Any CPU.Build.0 = Release|Any CPU
	EndGlobalSection
	GlobalSection(SolutionProperties) = preSolution
		HideSolutionNode = FALSE
	EndGlobalSection
	GlobalSection(ExtensibilityGlobals) = postSolution
		SolutionGuid = {E98C2EDD-B199-4510-82BF-5A8E79090248}
	EndGlobalSection
EndGlobal
